
Microsoft Visual Studio Solution File, Format Version 12.00
# Visual Studio Version 16
VisualStudioVersion = 16.0.31424.327
MinimumVisualStudioVersion = 10.0.40219.1
Project("{FAE04EC0-301F-11D3-BF4B-00C04F79EFBC}") = "CAN_monitor_app", "CAN_monitor_app.csproj", "{DA0B6035-35BF-48A5-BFB6-2EE8E30734CF}"
EndProject
Project("{FAE04EC0-301F-11D3-BF4B-00C04F79EFBC}") = "CAN_monitor_lib", "..\CAN_monitor_lib\CAN_monitor_lib.csproj", "{1B1254B3-5969-4E2A-866B-2EB3447220EB}"
EndProject
Global
	GlobalSection(SolutionConfigurationPlatforms) = preSolution
		Debug|Any CPU = Debug|Any CPU
		Release|Any CPU = Release|Any CPU
	EndGlobalSection
	GlobalSection(ProjectConfigurationPlatforms) = postSolution
		{DA0B6035-35BF-48A5-BFB6-2EE8E30734CF}.Debug|Any CPU.ActiveCfg = Debug|Any CPU
		{DA0B6035-35BF-48A5-BFB6-2EE8E30734CF}.Debug|Any CPU.Build.0 = Debug|Any CPU
		{DA0B6035-35BF-48A5-BFB6-2EE8E30734CF}.Release|Any CPU.ActiveCfg = Release|Any CPU
		{DA0B6035-35BF-48A5-BFB6-2EE8E30734CF}.Release|Any CPU.Build.0 = Release|Any CPU
		{1B1254B3-5969-4E2A-866B-2EB3447220EB}.Debug|Any CPU.ActiveCfg = Debug|Any CPU
		{1B1254B3-5969-4E2A-866B-2EB3447220EB}.Debug|Any CPU.Build.0 = Debug|Any CPU
		{1B1254B3-5969-4E2A-866B-2EB3447220EB}.Release|Any CPU.ActiveCfg = Release|Any CPU
		{1B1254B3-5969-4E2A-866B-2EB3447220EB}.Release|Any CPU.Build.0 = Release|Any CPU
	EndGlobalSection
	GlobalSection(SolutionProperties) = preSolution
		HideSolutionNode = FALSE
	EndGlobalSection
	GlobalSection(ExtensibilityGlobals) = postSolution
		SolutionGuid = {1D98CFCE-81B3-4F43-8DB4-A1F8638FD857}
	EndGlobalSection
EndGlobal
